{
  "nodes": {
    "nixpkgs": {
      "locked": {
        "lastModified": 1680122840,
        "narHash": "sha256-zCQ/9iFHzCW5JMYkkHMwgK1/1/kTMgCMHq4THPINpAU=",
        "owner": "NixOS",
        "repo": "nixpkgs",
        "rev": "a575c243c23e2851b78c00e9fa245232926ec32f",
        "type": "github"
      },
      "original": {
        "id": "nixpkgs",
        "ref": "nixos-22.11",
        "type": "indirect"
      }
    },
    "nixpkgs-unstable": {
      "locked": {
        "lastModified": 1680125544,
        "narHash": "sha256-mlqo1r+TZUOuypWdrZHluxWL+E5WzXlUXNZ9Y0WLDFU=",
        "owner": "NixOS",
        "repo": "nixpkgs",
        "rev": "9a6aabc4740790ef3bbb246b86d029ccf6759658",
        "type": "github"
      },
      "original": {
        "id": "nixpkgs",
        "ref": "nixos-unstable",
        "type": "indirect"
      }
    },
    "root": {
      "inputs": {
        "nixpkgs": "nixpkgs",
        "nixpkgs-unstable": "nixpkgs-unstable"
      }
    }
  },
  "root": "root",
  "version": 7
}
