{
  "nodes": {
    "nix-npm-buildpackage": {
      "inputs": {
        "nixpkgs": "nixpkgs"
      },
      "locked": {
        "lastModified": 1677562139,
        "narHash": "sha256-J39FdMjECbWGSXVHmEdyGBD2aRYGhg9bWEPf1/ZR47k=",
        "owner": "serokell",
        "repo": "nix-npm-buildpackage",
        "rev": "d45296118cae672982f192451dd3e19fa6c2d068",
        "type": "github"
      },
      "original": {
        "owner": "serokell",
        "repo": "nix-npm-buildpackage",
        "type": "github"
      }
    },
    "nixpkgs": {
      "locked": {
        "lastModified": 1653917367,
        "narHash": "sha256-04MsJC0g9kE01nBuXThMppZK+yvCZECQnUaZKSU+HJo=",
        "owner": "NixOS",
        "repo": "nixpkgs",
        "rev": "437c8e6554911095f0557d524e9d2ffe1c26e33a",
        "type": "github"
      },
      "original": {
        "id": "nixpkgs",
        "type": "indirect"
      }
    },
    "nixpkgs-unstable": {
      "locked": {
        "lastModified": 1680125544,
        "narHash": "sha256-mlqo1r+TZUOuypWdrZHluxWL+E5WzXlUXNZ9Y0WLDFU=",
        "owner": "NixOS",
        "repo": "nixpkgs",
        "rev": "9a6aabc4740790ef3bbb246b86d029ccf6759658",
        "type": "github"
      },
      "original": {
        "id": "nixpkgs",
        "ref": "nixos-unstable",
        "type": "indirect"
      }
    },
    "nixpkgs_2": {
      "locked": {
        "lastModified": 1680122840,
        "narHash": "sha256-zCQ/9iFHzCW5JMYkkHMwgK1/1/kTMgCMHq4THPINpAU=",
        "owner": "NixOS",
        "repo": "nixpkgs",
        "rev": "a575c243c23e2851b78c00e9fa245232926ec32f",
        "type": "github"
      },
      "original": {
        "id": "nixpkgs",
        "ref": "nixos-22.11",
        "type": "indirect"
      }
    },
    "root": {
      "inputs": {
        "nix-npm-buildpackage": "nix-npm-buildpackage",
        "nixpkgs": "nixpkgs_2",
        "nixpkgs-unstable": "nixpkgs-unstable"
      }
    }
  },
  "root": "root",
  "version": 7
}
